
Microsoft Visual Studio Solution File, Format Version 12.00
# Visual Studio Version 17
VisualStudioVersion = 17.11.35208.52
MinimumVisualStudioVersion = 10.0.40219.1
Project("{FAE04EC0-301F-11D3-BF4B-00C04F79EFBC}") = "ContosoUniversity", "ContosoUniversity\ContosoUniversity.csproj", "{3822824A-E8F6-4435-A6C2-1BD5CA7B50CF}"
EndProject
Global
	GlobalSection(SolutionConfigurationPlatforms) = preSolution
		Debug|Any CPU = Debug|Any CPU
		Release|Any CPU = Release|Any CPU
	EndGlobalSection
	GlobalSection(ProjectConfigurationPlatforms) = postSolution
		{3822824A-E8F6-4435-A6C2-1BD5CA7B50CF}.Debug|Any CPU.ActiveCfg = Debug|Any CPU
		{3822824A-E8F6-4435-A6C2-1BD5CA7B50CF}.Debug|Any CPU.Build.0 = Debug|Any CPU
		{3822824A-E8F6-4435-A6C2-1BD5CA7B50CF}.Release|Any CPU.ActiveCfg = Release|Any CPU
		{3822824A-E8F6-4435-A6C2-1BD5CA7B50CF}.Release|Any CPU.Build.0 = Release|Any CPU
	EndGlobalSection
	GlobalSection(SolutionProperties) = preSolution
		HideSolutionNode = FALSE
	EndGlobalSection
	GlobalSection(ExtensibilityGlobals) = postSolution
		SolutionGuid = {C84F83FF-CF92-4146-868D-23636D1056D1}
	EndGlobalSection
EndGlobal
